
Microsoft Visual Studio Solution File, Format Version 12.00
# Visual Studio 15
Project("{FAE04EC0-301F-11D3-BF4B-00C04F79EFBC}") = "DoubleA.DataAccess", "DoubleA.DataAccess\DoubleA.DataAccess.csproj", "{43B02248-8FFA-40F1-8077-8A95F7530660}"
EndProject
Global
	GlobalSection(SolutionConfigurationPlatforms) = preSolution
		Debug|Any CPU = Debug|Any CPU
		Release|Any CPU = Release|Any CPU
	EndGlobalSection
	GlobalSection(ProjectConfigurationPlatforms) = postSolution
		{43B02248-8FFA-40F1-8077-8A95F7530660}.Debug|Any CPU.ActiveCfg = Debug|Any CPU
		{43B02248-8FFA-40F1-8077-8A95F7530660}.Debug|Any CPU.Build.0 = Debug|Any CPU
		{43B02248-8FFA-40F1-8077-8A95F7530660}.Release|Any CPU.ActiveCfg = Release|Any CPU
		{43B02248-8FFA-40F1-8077-8A95F7530660}.Release|Any CPU.Build.0 = Release|Any CPU
	EndGlobalSection
	GlobalSection(MonoDevelopProperties) = preSolution
		Policies = $0
		$0.DotNetNamingPolicy = $1
		$1.DirectoryNamespaceAssociation = PrefixedHierarchical
		$0.StandardHeader = $2
		$0.VersionControlPolicy = $3
		version = 1.0.4.2
	EndGlobalSection
EndGlobal
