
Microsoft Visual Studio Solution File, Format Version 12.00
# Visual Studio 15
Project("{FAE04EC0-301F-11D3-BF4B-00C04F79EFBC}") = "DoubleA.DataAccess", "DoubleA.DataAccess\DoubleA.DataAccess.csproj", "{C8ED86A3-E3B3-4B43-A7CA-55E1E6549600}"
EndProject
Global
	GlobalSection(SolutionConfigurationPlatforms) = preSolution
		Debug|Any CPU = Debug|Any CPU
		Release|Any CPU = Release|Any CPU
	EndGlobalSection
	GlobalSection(ProjectConfigurationPlatforms) = postSolution
		{C8ED86A3-E3B3-4B43-A7CA-55E1E6549600}.Debug|Any CPU.ActiveCfg = Debug|Any CPU
		{C8ED86A3-E3B3-4B43-A7CA-55E1E6549600}.Debug|Any CPU.Build.0 = Debug|Any CPU
		{C8ED86A3-E3B3-4B43-A7CA-55E1E6549600}.Release|Any CPU.ActiveCfg = Release|Any CPU
		{C8ED86A3-E3B3-4B43-A7CA-55E1E6549600}.Release|Any CPU.Build.0 = Release|Any CPU
	EndGlobalSection
	GlobalSection(MonoDevelopProperties) = preSolution
		Policies = $0
		$0.DotNetNamingPolicy = $1
		$1.DirectoryNamespaceAssociation = PrefixedHierarchical
		$0.StandardHeader = $2
		$0.VersionControlPolicy = $3
		version = 1.0.0.0
	EndGlobalSection
EndGlobal
